// !$*UTF8*$!
{
	archiveVersion = 1;
	classes = {
	};
	objectVersion = 48;
	objects = {

/* Begin PBXBuildFile section */
		54F8387513517666BD156917 /* Pods_Beauty.framework in Frameworks */ = {isa = PBXBuildFile; fileRef = 3F638FAF8430E7B2154E9876 /* Pods_Beauty.framework */; };
		A01D519D1F974B000025D619 /* AppDelegate.swift in Sources */ = {isa = PBXBuildFile; fileRef = A01D519C1F974B000025D619 /* AppDelegate.swift */; };
		A01D519F1F974B000025D619 /* ViewController.swift in Sources */ = {isa = PBXBuildFile; fileRef = A01D519E1F974B000025D619 /* ViewController.swift */; };
		A01D51A21F974B000025D619 /* Main.storyboard in Resources */ = {isa = PBXBuildFile; fileRef = A01D51A01F974B000025D619 /* Main.storyboard */; };
		A01D51A41F974B000025D619 /* Assets.xcassets in Resources */ = {isa = PBXBuildFile; fileRef = A01D51A31F974B000025D619 /* Assets.xcassets */; };
		A01D51A71F974B000025D619 /* LaunchScreen.storyboard in Resources */ = {isa = PBXBuildFile; fileRef = A01D51A51F974B000025D619 /* LaunchScreen.storyboard */; };
		A01D51B01F97712C0025D619 /* FirebaseManager.swift in Sources */ = {isa = PBXBuildFile; fileRef = A01D51AF1F97712C0025D619 /* FirebaseManager.swift */; };
		A01D51B91F979A920025D619 /* GoogleService-Info.plist in Resources */ = {isa = PBXBuildFile; fileRef = A01D51B81F979A910025D619 /* GoogleService-Info.plist */; };
/* End PBXBuildFile section */

/* Begin PBXFileReference section */
		3F638FAF8430E7B2154E9876 /* Pods_Beauty.framework */ = {isa = PBXFileReference; explicitFileType = wrapper.framework; includeInIndex = 0; path = Pods_Beauty.framework; sourceTree = BUILT_PRODUCTS_DIR; };
		5A69689FDAEF0F0723529452 /* Pods-Beauty.release.xcconfig */ = {isa = PBXFileReference; includeInIndex = 1; lastKnownFileType = text.xcconfig; name = "Pods-Beauty.release.xcconfig"; path = "Pods/Target Support Files/Pods-Beauty/Pods-Beauty.release.xcconfig"; sourceTree = "<group>"; };
		9DEE627F0C85743C2137FB0A /* Pods-Beauty.debug.xcconfig */ = {isa = PBXFileReference; includeInIndex = 1; lastKnownFileType = text.xcconfig; name = "Pods-Beauty.debug.xcconfig"; path = "Pods/Target Support Files/Pods-Beauty/Pods-Beauty.debug.xcconfig"; sourceTree = "<group>"; };
		A01D51991F974B000025D619 /* Beauty.app */ = {isa = PBXFileReference; explicitFileType = wrapper.application; includeInIndex = 0; path = Beauty.app; sourceTree = BUILT_PRODUCTS_DIR; };
		A01D519C1F974B000025D619 /* AppDelegate.swift */ = {isa = PBXFileReference; lastKnownFileType = sourcecode.swift; path = AppDelegate.swift; sourceTree = "<group>"; };
		A01D519E1F974B000025D619 /* ViewController.swift */ = {isa = PBXFileReference; lastKnownFileType = sourcecode.swift; path = ViewController.swift; sourceTree = "<group>"; };
		A01D51A11F974B000025D619 /* Base */ = {isa = PBXFileReference; lastKnownFileType = file.storyboard; name = Base; path = Base.lproj/Main.storyboard; sourceTree = "<group>"; };
		A01D51A31F974B000025D619 /* Assets.xcassets */ = {isa = PBXFileReference; lastKnownFileType = folder.assetcatalog; path = Assets.xcassets; sourceTree = "<group>"; };
		A01D51A61F974B000025D619 /* Base */ = {isa = PBXFileReference; lastKnownFileType = file.storyboard; name = Base; path = Base.lproj/LaunchScreen.storyboard; sourceTree = "<group>"; };
		A01D51A81F974B000025D619 /* Info.plist */ = {isa = PBXFileReference; lastKnownFileType = text.plist.xml; path = Info.plist; sourceTree = "<group>"; };
		A01D51AF1F97712C0025D619 /* FirebaseManager.swift */ = {isa = PBXFileReference; lastKnownFileType = sourcecode.swift; path = FirebaseManager.swift; sourceTree = "<group>"; };
		A01D51B81F979A910025D619 /* GoogleService-Info.plist */ = {isa = PBXFileReference; fileEncoding = 4; lastKnownFileType = text.plist.xml; path = "GoogleService-Info.plist"; sourceTree = "<group>"; };
/* End PBXFileReference section */

/* Begin PBXFrameworksBuildPhase section */
		A01D51961F974B000025D619 /* Frameworks */ = {
			isa = PBXFrameworksBuildPhase;
			buildActionMask = 2147483647;
			files = (
				54F8387513517666BD156917 /* Pods_Beauty.framework in Frameworks */,
			);
			runOnlyForDeploymentPostprocessing = 0;
		};
/* End PBXFrameworksBuildPhase section */

/* Begin PBXGroup section */
		8A182B08E2B82BCB04AAB8DB /* Pods */ = {
			isa = PBXGroup;
			children = (
				9DEE627F0C85743C2137FB0A /* Pods-Beauty.debug.xcconfig */,
				5A69689FDAEF0F0723529452 /* Pods-Beauty.release.xcconfig */,
			);
			name = Pods;
			sourceTree = "<group>";
		};
		979F08A1B9229701E8E5D327 /* Frameworks */ = {
			isa = PBXGroup;
			children = (
				3F638FAF8430E7B2154E9876 /* Pods_Beauty.framework */,
			);
			name = Frameworks;
			sourceTree = "<group>";
		};
		A01D51901F974B000025D619 = {
			isa = PBXGroup;
			children = (
				A01D51B81F979A910025D619 /* GoogleService-Info.plist */,
				A01D519B1F974B000025D619 /* Beauty */,
				A01D519A1F974B000025D619 /* Products */,
				8A182B08E2B82BCB04AAB8DB /* Pods */,
				979F08A1B9229701E8E5D327 /* Frameworks */,
			);
			sourceTree = "<group>";
		};
		A01D519A1F974B000025D619 /* Products */ = {
			isa = PBXGroup;
			children = (
				A01D51991F974B000025D619 /* Beauty.app */,
			);
			name = Products;
			sourceTree = "<group>";
		};
		A01D519B1F974B000025D619 /* Beauty */ = {
			isa = PBXGroup;
			children = (
				A01D519C1F974B000025D619 /* AppDelegate.swift */,
				A01D51B11F97760B0025D619 /* Utils */,
				A01D51B31F9776250025D619 /* Custom Views */,
				A01D51B41F9776370025D619 /* Models */,
				A01D51B21F9776140025D619 /* View Controllers */,
				A01D51A81F974B000025D619 /* Info.plist */,
				A01D51B51F9776720025D619 /* Resources */,
			);
			path = Beauty;
			sourceTree = "<group>";
		};
		A01D51B11F97760B0025D619 /* Utils */ = {
			isa = PBXGroup;
			children = (
				A01D51AF1F97712C0025D619 /* FirebaseManager.swift */,
			);
			path = Utils;
			sourceTree = "<group>";
		};
		A01D51B21F9776140025D619 /* View Controllers */ = {
			isa = PBXGroup;
			children = (
				A01D519E1F974B000025D619 /* ViewController.swift */,
			);
			path = "View Controllers";
			sourceTree = "<group>";
		};
		A01D51B31F9776250025D619 /* Custom Views */ = {
			isa = PBXGroup;
			children = (
			);
			path = "Custom Views";
			sourceTree = "<group>";
		};
		A01D51B41F9776370025D619 /* Models */ = {
			isa = PBXGroup;
			children = (
			);
			path = Models;
			sourceTree = "<group>";
		};
		A01D51B51F9776720025D619 /* Resources */ = {
			isa = PBXGroup;
			children = (
				A01D51A51F974B000025D619 /* LaunchScreen.storyboard */,
				A01D51A01F974B000025D619 /* Main.storyboard */,
				A01D51A31F974B000025D619 /* Assets.xcassets */,
			);
			path = Resources;
			sourceTree = "<group>";
		};
/* End PBXGroup section */

/* Begin PBXNativeTarget section */
		A01D51981F974B000025D619 /* Beauty */ = {
			isa = PBXNativeTarget;
			buildConfigurationList = A01D51AB1F974B000025D619 /* Build configuration list for PBXNativeTarget "Beauty" */;
			buildPhases = (
				8E4A500D2260465B4F1EB1A5 /* [CP] Check Pods Manifest.lock */,
				A01D51951F974B000025D619 /* Sources */,
				A01D51961F974B000025D619 /* Frameworks */,
				A01D51971F974B000025D619 /* Resources */,
				C830FF3CF4BB3640F31AB958 /* [CP] Embed Pods Frameworks */,
				5711B33CE9E0C5D00C12BD26 /* [CP] Copy Pods Resources */,
			);
			buildRules = (
			);
			dependencies = (
			);
			name = Beauty;
			productName = Beauty;
			productReference = A01D51991F974B000025D619 /* Beauty.app */;
			productType = "com.apple.product-type.application";
		};
/* End PBXNativeTarget section */

/* Begin PBXProject section */
		A01D51911F974B000025D619 /* Project object */ = {
			isa = PBXProject;
			attributes = {
				LastSwiftUpdateCheck = 0900;
				LastUpgradeCheck = 0900;
				ORGANIZATIONNAME = roxanamitel;
				TargetAttributes = {
					A01D51981F974B000025D619 = {
						CreatedOnToolsVersion = 9.0;
						ProvisioningStyle = Automatic;
					};
				};
			};
			buildConfigurationList = A01D51941F974B000025D619 /* Build configuration list for PBXProject "Beauty" */;
			compatibilityVersion = "Xcode 8.0";
			developmentRegion = en;
			hasScannedForEncodings = 0;
			knownRegions = (
				en,
				Base,
			);
			mainGroup = A01D51901F974B000025D619;
			productRefGroup = A01D519A1F974B000025D619 /* Products */;
			projectDirPath = "";
			projectRoot = "";
			targets = (
				A01D51981F974B000025D619 /* Beauty */,
			);
		};
/* End PBXProject section */

/* Begin PBXResourcesBuildPhase section */
		A01D51971F974B000025D619 /* Resources */ = {
			isa = PBXResourcesBuildPhase;
			buildActionMask = 2147483647;
			files = (
				A01D51B91F979A920025D619 /* GoogleService-Info.plist in Resources */,
				A01D51A71F974B000025D619 /* LaunchScreen.storyboard in Resources */,
				A01D51A41F974B000025D619 /* Assets.xcassets in Resources */,
				A01D51A21F974B000025D619 /* Main.storyboard in Resources */,
			);
			runOnlyForDeploymentPostprocessing = 0;
		};
/* End PBXResourcesBuildPhase section */

/* Begin PBXShellScriptBuildPhase section */
		5711B33CE9E0C5D00C12BD26 /* [CP] Copy Pods Resources */ = {
			isa = PBXShellScriptBuildPhase;
			buildActionMask = 2147483647;
			files = (
			);
			inputPaths = (
			);
			name = "[CP] Copy Pods Resources";
			outputPaths = (
			);
			runOnlyForDeploymentPostprocessing = 0;
			shellPath = /bin/sh;
			shellScript = "\"${SRCROOT}/Pods/Target Support Files/Pods-Beauty/Pods-Beauty-resources.sh\"\n";
			showEnvVarsInLog = 0;
		};
		8E4A500D2260465B4F1EB1A5 /* [CP] Check Pods Manifest.lock */ = {
			isa = PBXShellScriptBuildPhase;
			buildActionMask = 2147483647;
			files = (
			);
			inputPaths = (
				"${PODS_PODFILE_DIR_PATH}/Podfile.lock",
				"${PODS_ROOT}/Manifest.lock",
			);
			name = "[CP] Check Pods Manifest.lock";
			outputPaths = (
				"$(DERIVED_FILE_DIR)/Pods-Beauty-checkManifestLockResult.txt",
			);
			runOnlyForDeploymentPostprocessing = 0;
			shellPath = /bin/sh;
			shellScript = "diff \"${PODS_PODFILE_DIR_PATH}/Podfile.lock\" \"${PODS_ROOT}/Manifest.lock\" > /dev/null\nif [ $? != 0 ] ; then\n    # print error to STDERR\n    echo \"error: The sandbox is not in sync with the Podfile.lock. Run 'pod install' or update your CocoaPods installation.\" >&2\n    exit 1\nfi\n# This output is used by Xcode 'outputs' to avoid re-running this script phase.\necho \"SUCCESS\" > \"${SCRIPT_OUTPUT_FILE_0}\"\n";
			showEnvVarsInLog = 0;
		};
		C830FF3CF4BB3640F31AB958 /* [CP] Embed Pods Frameworks */ = {
			isa = PBXShellScriptBuildPhase;
			buildActionMask = 2147483647;
			files = (
			);
			inputPaths = (
				"${SRCROOT}/Pods/Target Support Files/Pods-Beauty/Pods-Beauty-frameworks.sh",
				"${BUILT_PRODUCTS_DIR}/Bolts/Bolts.framework",
				"${BUILT_PRODUCTS_DIR}/FBSDKCoreKit/FBSDKCoreKit.framework",
				"${BUILT_PRODUCTS_DIR}/FBSDKLoginKit/FBSDKLoginKit.framework",
				"${BUILT_PRODUCTS_DIR}/FacebookCore/FacebookCore.framework",
				"${BUILT_PRODUCTS_DIR}/FacebookLogin/FacebookLogin.framework",
				"${BUILT_PRODUCTS_DIR}/FontAwesome.swift/FontAwesome_swift.framework",
				"${BUILT_PRODUCTS_DIR}/GoogleToolboxForMac/GoogleToolboxForMac.framework",
				"${BUILT_PRODUCTS_DIR}/nanopb/nanopb.framework",
			);
			name = "[CP] Embed Pods Frameworks";
			outputPaths = (
				"${TARGET_BUILD_DIR}/${FRAMEWORKS_FOLDER_PATH}/Bolts.framework",
				"${TARGET_BUILD_DIR}/${FRAMEWORKS_FOLDER_PATH}/FBSDKCoreKit.framework",
				"${TARGET_BUILD_DIR}/${FRAMEWORKS_FOLDER_PATH}/FBSDKLoginKit.framework",
				"${TARGET_BUILD_DIR}/${FRAMEWORKS_FOLDER_PATH}/FacebookCore.framework",
				"${TARGET_BUILD_DIR}/${FRAMEWORKS_FOLDER_PATH}/FacebookLogin.framework",
				"${TARGET_BUILD_DIR}/${FRAMEWORKS_FOLDER_PATH}/FontAwesome_swift.framework",
				"${TARGET_BUILD_DIR}/${FRAMEWORKS_FOLDER_PATH}/GoogleToolboxForMac.framework",
				"${TARGET_BUILD_DIR}/${FRAMEWORKS_FOLDER_PATH}/nanopb.framework",
			);
			runOnlyForDeploymentPostprocessing = 0;
			shellPath = /bin/sh;
			shellScript = "\"${SRCROOT}/Pods/Target Support Files/Pods-Beauty/Pods-Beauty-frameworks.sh\"\n";
			showEnvVarsInLog = 0;
		};
/* End PBXShellScriptBuildPhase section */

/* Begin PBXSourcesBuildPhase section */
		A01D51951F974B000025D619 /* Sources */ = {
			isa = PBXSourcesBuildPhase;
			buildActionMask = 2147483647;
			files = (
				A01D51B01F97712C0025D619 /* FirebaseManager.swift in Sources */,
				A01D519F1F974B000025D619 /* ViewController.swift in Sources */,
				A01D519D1F974B000025D619 /* AppDelegate.swift in Sources */,
			);
			runOnlyForDeploymentPostprocessing = 0;
		};
/* End PBXSourcesBuildPhase section */

/* Begin PBXVariantGroup section */
		A01D51A01F974B000025D619 /* Main.storyboard */ = {
			isa = PBXVariantGroup;
			children = (
				A01D51A11F974B000025D619 /* Base */,
			);
			name = Main.storyboard;
			sourceTree = "<group>";
		};
		A01D51A51F974B000025D619 /* LaunchScreen.storyboard */ = {
			isa = PBXVariantGroup;
			children = (
				A01D51A61F974B000025D619 /* Base */,
			);
			name = LaunchScreen.storyboard;
			sourceTree = "<group>";
		};
/* End PBXVariantGroup section */

/* Begin XCBuildConfiguration section */
		A01D51A91F974B000025D619 /* Debug */ = {
			isa = XCBuildConfiguration;
			buildSettings = {
				ALWAYS_SEARCH_USER_PATHS = NO;
				CLANG_ANALYZER_NONNULL = YES;
				CLANG_ANALYZER_NUMBER_OBJECT_CONVERSION = YES_AGGRESSIVE;
				CLANG_CXX_LANGUAGE_STANDARD = "gnu++14";
				CLANG_CXX_LIBRARY = "libc++";
				CLANG_ENABLE_MODULES = YES;
				CLANG_ENABLE_OBJC_ARC = YES;
				CLANG_WARN_BLOCK_CAPTURE_AUTORELEASING = YES;
				CLANG_WARN_BOOL_CONVERSION = YES;
				CLANG_WARN_COMMA = YES;
				CLANG_WARN_CONSTANT_CONVERSION = YES;
				CLANG_WARN_DIRECT_OBJC_ISA_USAGE = YES_ERROR;
				CLANG_WARN_DOCUMENTATION_COMMENTS = YES;
				CLANG_WARN_EMPTY_BODY = YES;
				CLANG_WARN_ENUM_CONVERSION = YES;
				CLANG_WARN_INFINITE_RECURSION = YES;
				CLANG_WARN_INT_CONVERSION = YES;
				CLANG_WARN_NON_LITERAL_NULL_CONVERSION = YES;
				CLANG_WARN_OBJC_LITERAL_CONVERSION = YES;
				CLANG_WARN_OBJC_ROOT_CLASS = YES_ERROR;
				CLANG_WARN_RANGE_LOOP_ANALYSIS = YES;
				CLANG_WARN_STRICT_PROTOTYPES = YES;
				CLANG_WARN_SUSPICIOUS_MOVE = YES;
				CLANG_WARN_UNGUARDED_AVAILABILITY = YES_AGGRESSIVE;
				CLANG_WARN_UNREACHABLE_CODE = YES;
				CLANG_WARN__DUPLICATE_METHOD_MATCH = YES;
				CODE_SIGN_IDENTITY = "iPhone Developer";
				COPY_PHASE_STRIP = NO;
				DEBUG_INFORMATION_FORMAT = dwarf;
				ENABLE_STRICT_OBJC_MSGSEND = YES;
				ENABLE_TESTABILITY = YES;
				GCC_C_LANGUAGE_STANDARD = gnu11;
				GCC_DYNAMIC_NO_PIC = NO;
				GCC_NO_COMMON_BLOCKS = YES;
				GCC_OPTIMIZATION_LEVEL = 0;
				GCC_PREPROCESSOR_DEFINITIONS = (
					"DEBUG=1",
					"$(inherited)",
				);
				GCC_WARN_64_TO_32_BIT_CONVERSION = YES;
				GCC_WARN_ABOUT_RETURN_TYPE = YES_ERROR;
				GCC_WARN_UNDECLARED_SELECTOR = YES;
				GCC_WARN_UNINITIALIZED_AUTOS = YES_AGGRESSIVE;
				GCC_WARN_UNUSED_FUNCTION = YES;
				GCC_WARN_UNUSED_VARIABLE = YES;
				IPHONEOS_DEPLOYMENT_TARGET = 11.0;
				MTL_ENABLE_DEBUG_INFO = YES;
				ONLY_ACTIVE_ARCH = YES;
				SDKROOT = iphoneos;
				SWIFT_ACTIVE_COMPILATION_CONDITIONS = DEBUG;
				SWIFT_OPTIMIZATION_LEVEL = "-Onone";
				SWIFT_VERSION = "";
			};
			name = Debug;
		};
		A01D51AA1F974B000025D619 /* Release */ = {
			isa = XCBuildConfiguration;
			buildSettings = {
				ALWAYS_SEARCH_USER_PATHS = NO;
				CLANG_ANALYZER_NONNULL = YES;
				CLANG_ANALYZER_NUMBER_OBJECT_CONVERSION = YES_AGGRESSIVE;
				CLANG_CXX_LANGUAGE_STANDARD = "gnu++14";
				CLANG_CXX_LIBRARY = "libc++";
				CLANG_ENABLE_MODULES = YES;
				CLANG_ENABLE_OBJC_ARC = YES;
				CLANG_WARN_BLOCK_CAPTURE_AUTORELEASING = YES;
				CLANG_WARN_BOOL_CONVERSION = YES;
				CLANG_WARN_COMMA = YES;
				CLANG_WARN_CONSTANT_CONVERSION = YES;
				CLANG_WARN_DIRECT_OBJC_ISA_USAGE = YES_ERROR;
				CLANG_WARN_DOCUMENTATION_COMMENTS = YES;
				CLANG_WARN_EMPTY_BODY = YES;
				CLANG_WARN_ENUM_CONVERSION = YES;
				CLANG_WARN_INFINITE_RECURSION = YES;
				CLANG_WARN_INT_CONVERSION = YES;
				CLANG_WARN_NON_LITERAL_NULL_CONVERSION = YES;
				CLANG_WARN_OBJC_LITERAL_CONVERSION = YES;
				CLANG_WARN_OBJC_ROOT_CLASS = YES_ERROR;
				CLANG_WARN_RANGE_LOOP_ANALYSIS = YES;
				CLANG_WARN_STRICT_PROTOTYPES = YES;
				CLANG_WARN_SUSPICIOUS_MOVE = YES;
				CLANG_WARN_UNGUARDED_AVAILABILITY = YES_AGGRESSIVE;
				CLANG_WARN_UNREACHABLE_CODE = YES;
				CLANG_WARN__DUPLICATE_METHOD_MATCH = YES;
				CODE_SIGN_IDENTITY = "iPhone Developer";
				COPY_PHASE_STRIP = NO;
				DEBUG_INFORMATION_FORMAT = "dwarf-with-dsym";
				ENABLE_NS_ASSERTIONS = NO;
				ENABLE_STRICT_OBJC_MSGSEND = YES;
				GCC_C_LANGUAGE_STANDARD = gnu11;
				GCC_NO_COMMON_BLOCKS = YES;
				GCC_WARN_64_TO_32_BIT_CONVERSION = YES;
				GCC_WARN_ABOUT_RETURN_TYPE = YES_ERROR;
				GCC_WARN_UNDECLARED_SELECTOR = YES;
				GCC_WARN_UNINITIALIZED_AUTOS = YES_AGGRESSIVE;
				GCC_WARN_UNUSED_FUNCTION = YES;
				GCC_WARN_UNUSED_VARIABLE = YES;
				IPHONEOS_DEPLOYMENT_TARGET = 11.0;
				MTL_ENABLE_DEBUG_INFO = NO;
				SDKROOT = iphoneos;
				SWIFT_OPTIMIZATION_LEVEL = "-Owholemodule";
				SWIFT_VERSION = "";
				VALIDATE_PRODUCT = YES;
			};
			name = Release;
		};
		A01D51AC1F974B000025D619 /* Debug */ = {
			isa = XCBuildConfiguration;
			baseConfigurationReference = 9DEE627F0C85743C2137FB0A /* Pods-Beauty.debug.xcconfig */;
			buildSettings = {
				ASSETCATALOG_COMPILER_APPICON_NAME = AppIcon;
				CODE_SIGN_STYLE = Automatic;
				DEVELOPMENT_TEAM = 64G8LFH7A9;
				INFOPLIST_FILE = Beauty/Info.plist;
				LD_RUNPATH_SEARCH_PATHS = "$(inherited) @executable_path/Frameworks";
				PRODUCT_BUNDLE_IDENTIFIER = com.roxanamitel.Beauty;
				PRODUCT_NAME = "$(TARGET_NAME)";
				SWIFT_VERSION = 4.0;
				TARGETED_DEVICE_FAMILY = "1,2";
			};
			name = Debug;
		};
		A01D51AD1F974B000025D619 /* Release */ = {
			isa = XCBuildConfiguration;
			baseConfigurationReference = 5A69689FDAEF0F0723529452 /* Pods-Beauty.release.xcconfig */;
			buildSettings = {
				ASSETCATALOG_COMPILER_APPICON_NAME = AppIcon;
				CODE_SIGN_STYLE = Automatic;
				DEVELOPMENT_TEAM = 64G8LFH7A9;
				INFOPLIST_FILE = Beauty/Info.plist;
				LD_RUNPATH_SEARCH_PATHS = "$(inherited) @executable_path/Frameworks";
				PRODUCT_BUNDLE_IDENTIFIER = com.roxanamitel.Beauty;
				PRODUCT_NAME = "$(TARGET_NAME)";
				SWIFT_VERSION = 4.0;
				TARGETED_DEVICE_FAMILY = "1,2";
			};
			name = Release;
		};
/* End XCBuildConfiguration section */

/* Begin XCConfigurationList section */
		A01D51941F974B000025D619 /* Build configuration list for PBXProject "Beauty" */ = {
			isa = XCConfigurationList;
			buildConfigurations = (
				A01D51A91F974B000025D619 /* Debug */,
				A01D51AA1F974B000025D619 /* Release */,
			);
			defaultConfigurationIsVisible = 0;
			defaultConfigurationName = Release;
		};
		A01D51AB1F974B000025D619 /* Build configuration list for PBXNativeTarget "Beauty" */ = {
			isa = XCConfigurationList;
			buildConfigurations = (
				A01D51AC1F974B000025D619 /* Debug */,
				A01D51AD1F974B000025D619 /* Release */,
			);
			defaultConfigurationIsVisible = 0;
			defaultConfigurationName = Release;
		};
/* End XCConfigurationList section */
	};
	rootObject = A01D51911F974B000025D619 /* Project object */;
}
